
Microsoft Visual Studio Solution File, Format Version 12.00
# Visual Studio Version 16
VisualStudioVersion = 16.0.29403.142
MinimumVisualStudioVersion = 10.0.40219.1
Project("{8BC9CEB8-8B4A-11D0-8D11-00A0C91BC942}") = "lista", "lista\lista.vcxproj", "{9BA99E17-F7EE-491B-BCB6-5680B4B8F5CD}"
EndProject
Global
	GlobalSection(SolutionConfigurationPlatforms) = preSolution
		Debug|x64 = Debug|x64
		Debug|x86 = Debug|x86
		Release|x64 = Release|x64
		Release|x86 = Release|x86
	EndGlobalSection
	GlobalSection(ProjectConfigurationPlatforms) = postSolution
		{9BA99E17-F7EE-491B-BCB6-5680B4B8F5CD}.Debug|x64.ActiveCfg = Debug|x64
		{9BA99E17-F7EE-491B-BCB6-5680B4B8F5CD}.Debug|x64.Build.0 = Debug|x64
		{9BA99E17-F7EE-491B-BCB6-5680B4B8F5CD}.Debug|x86.ActiveCfg = Debug|Win32
		{9BA99E17-F7EE-491B-BCB6-5680B4B8F5CD}.Debug|x86.Build.0 = Debug|Win32
		{9BA99E17-F7EE-491B-BCB6-5680B4B8F5CD}.Release|x64.ActiveCfg = Release|x64
		{9BA99E17-F7EE-491B-BCB6-5680B4B8F5CD}.Release|x64.Build.0 = Release|x64
		{9BA99E17-F7EE-491B-BCB6-5680B4B8F5CD}.Release|x86.ActiveCfg = Release|Win32
		{9BA99E17-F7EE-491B-BCB6-5680B4B8F5CD}.Release|x86.Build.0 = Release|Win32
	EndGlobalSection
	GlobalSection(SolutionProperties) = preSolution
		HideSolutionNode = FALSE
	EndGlobalSection
	GlobalSection(ExtensibilityGlobals) = postSolution
		SolutionGuid = {1F361264-19D9-4703-8A2E-83AB1ED31EC3}
	EndGlobalSection
EndGlobal
